// !$*UTF8*$!
{
	archiveVersion = 1;
	classes = {
	};
	objectVersion = 46;
	objects = {

/* Begin PBXBuildFile section */
		311E895B1CBBB861004C1831 /* main.m in Sources */ = {isa = PBXBuildFile; fileRef = 311E895A1CBBB861004C1831 /* main.m */; };
		311E895E1CBBB861004C1831 /* AppDelegate.m in Sources */ = {isa = PBXBuildFile; fileRef = 311E895D1CBBB861004C1831 /* AppDelegate.m */; };
		311E89661CBBB861004C1831 /* Assets.xcassets in Resources */ = {isa = PBXBuildFile; fileRef = 311E89651CBBB861004C1831 /* Assets.xcassets */; };
		311E89761CBBCB3C004C1831 /* ImageViewController.m in Sources */ = {isa = PBXBuildFile; fileRef = 311E89741CBBCB3C004C1831 /* ImageViewController.m */; };
		311E897B1CBBCB4F004C1831 /* IntroViewController.m in Sources */ = {isa = PBXBuildFile; fileRef = 311E89791CBBCB4F004C1831 /* IntroViewController.m */; };
/* End PBXBuildFile section */

/* Begin PBXFileReference section */
		311E89561CBBB861004C1831 /* Span.app */ = {isa = PBXFileReference; explicitFileType = wrapper.application; includeInIndex = 0; path = Span.app; sourceTree = BUILT_PRODUCTS_DIR; };
		311E895A1CBBB861004C1831 /* main.m */ = {isa = PBXFileReference; lastKnownFileType = sourcecode.c.objc; path = main.m; sourceTree = "<group>"; };
		311E895C1CBBB861004C1831 /* AppDelegate.h */ = {isa = PBXFileReference; lastKnownFileType = sourcecode.c.h; path = AppDelegate.h; sourceTree = "<group>"; };
		311E895D1CBBB861004C1831 /* AppDelegate.m */ = {isa = PBXFileReference; lastKnownFileType = sourcecode.c.objc; path = AppDelegate.m; sourceTree = "<group>"; };
		311E89651CBBB861004C1831 /* Assets.xcassets */ = {isa = PBXFileReference; lastKnownFileType = folder.assetcatalog; path = Assets.xcassets; sourceTree = "<group>"; };
		311E896A1CBBB861004C1831 /* Info.plist */ = {isa = PBXFileReference; lastKnownFileType = text.plist.xml; path = Info.plist; sourceTree = "<group>"; };
		311E89731CBBCB3C004C1831 /* ImageViewController.h */ = {isa = PBXFileReference; fileEncoding = 4; lastKnownFileType = sourcecode.c.h; path = ImageViewController.h; sourceTree = "<group>"; };
		311E89741CBBCB3C004C1831 /* ImageViewController.m */ = {isa = PBXFileReference; fileEncoding = 4; lastKnownFileType = sourcecode.c.objc; path = ImageViewController.m; sourceTree = "<group>"; };
		311E89781CBBCB4F004C1831 /* IntroViewController.h */ = {isa = PBXFileReference; fileEncoding = 4; lastKnownFileType = sourcecode.c.h; path = IntroViewController.h; sourceTree = "<group>"; };
		311E89791CBBCB4F004C1831 /* IntroViewController.m */ = {isa = PBXFileReference; fileEncoding = 4; lastKnownFileType = sourcecode.c.objc; path = IntroViewController.m; sourceTree = "<group>"; };
/* End PBXFileReference section */

/* Begin PBXFrameworksBuildPhase section */
		311E89531CBBB861004C1831 /* Frameworks */ = {
			isa = PBXFrameworksBuildPhase;
			buildActionMask = 2147483647;
			files = (
			);
			runOnlyForDeploymentPostprocessing = 0;
		};
/* End PBXFrameworksBuildPhase section */

/* Begin PBXGroup section */
		311E894D1CBBB861004C1831 = {
			isa = PBXGroup;
			children = (
				311E89581CBBB861004C1831 /* Span */,
				311E89571CBBB861004C1831 /* Products */,
			);
			sourceTree = "<group>";
		};
		311E89571CBBB861004C1831 /* Products */ = {
			isa = PBXGroup;
			children = (
				311E89561CBBB861004C1831 /* Span.app */,
			);
			name = Products;
			sourceTree = "<group>";
		};
		311E89581CBBB861004C1831 /* Span */ = {
			isa = PBXGroup;
			children = (
				311E895C1CBBB861004C1831 /* AppDelegate.h */,
				311E895D1CBBB861004C1831 /* AppDelegate.m */,
				311E89781CBBCB4F004C1831 /* IntroViewController.h */,
				311E89791CBBCB4F004C1831 /* IntroViewController.m */,
				311E89731CBBCB3C004C1831 /* ImageViewController.h */,
				311E89741CBBCB3C004C1831 /* ImageViewController.m */,
				311E89651CBBB861004C1831 /* Assets.xcassets */,
				311E896A1CBBB861004C1831 /* Info.plist */,
				311E89591CBBB861004C1831 /* Supporting Files */,
			);
			path = Span;
			sourceTree = "<group>";
		};
		311E89591CBBB861004C1831 /* Supporting Files */ = {
			isa = PBXGroup;
			children = (
				311E895A1CBBB861004C1831 /* main.m */,
			);
			name = "Supporting Files";
			sourceTree = "<group>";
		};
/* End PBXGroup section */

/* Begin PBXNativeTarget section */
		311E89551CBBB861004C1831 /* Span */ = {
			isa = PBXNativeTarget;
			buildConfigurationList = 311E896D1CBBB861004C1831 /* Build configuration list for PBXNativeTarget "Span" */;
			buildPhases = (
				311E89521CBBB861004C1831 /* Sources */,
				311E89531CBBB861004C1831 /* Frameworks */,
				311E89541CBBB861004C1831 /* Resources */,
			);
			buildRules = (
			);
			dependencies = (
			);
			name = Span;
			productName = Span;
			productReference = 311E89561CBBB861004C1831 /* Span.app */;
			productType = "com.apple.product-type.application";
		};
/* End PBXNativeTarget section */

/* Begin PBXProject section */
		311E894E1CBBB861004C1831 /* Project object */ = {
			isa = PBXProject;
			attributes = {
				LastUpgradeCheck = 0730;
				ORGANIZATIONNAME = "Eugene Tulushev";
				TargetAttributes = {
					311E89551CBBB861004C1831 = {
						CreatedOnToolsVersion = 7.3;
						DevelopmentTeam = DC4SJCMGG6;
					};
				};
			};
			buildConfigurationList = 311E89511CBBB861004C1831 /* Build configuration list for PBXProject "Span" */;
			compatibilityVersion = "Xcode 3.2";
			developmentRegion = English;
			hasScannedForEncodings = 0;
			knownRegions = (
				en,
				Base,
			);
			mainGroup = 311E894D1CBBB861004C1831;
			productRefGroup = 311E89571CBBB861004C1831 /* Products */;
			projectDirPath = "";
			projectRoot = "";
			targets = (
				311E89551CBBB861004C1831 /* Span */,
			);
		};
/* End PBXProject section */

/* Begin PBXResourcesBuildPhase section */
		311E89541CBBB861004C1831 /* Resources */ = {
			isa = PBXResourcesBuildPhase;
			buildActionMask = 2147483647;
			files = (
				311E89661CBBB861004C1831 /* Assets.xcassets in Resources */,
			);
			runOnlyForDeploymentPostprocessing = 0;
		};
/* End PBXResourcesBuildPhase section */

/* Begin PBXSourcesBuildPhase section */
		311E89521CBBB861004C1831 /* Sources */ = {
			isa = PBXSourcesBuildPhase;
			buildActionMask = 2147483647;
			files = (
				311E89761CBBCB3C004C1831 /* ImageViewController.m in Sources */,
				311E895E1CBBB861004C1831 /* AppDelegate.m in Sources */,
				311E895B1CBBB861004C1831 /* main.m in Sources */,
				311E897B1CBBCB4F004C1831 /* IntroViewController.m in Sources */,
			);
			runOnlyForDeploymentPostprocessing = 0;
		};
/* End PBXSourcesBuildPhase section */

/* Begin XCBuildConfiguration section */
		311E896B1CBBB861004C1831 /* Debug */ = {
			isa = XCBuildConfiguration;
			buildSettings = {
				ALWAYS_SEARCH_USER_PATHS = NO;
				CLANG_ANALYZER_NONNULL = YES;
				CLANG_CXX_LANGUAGE_STANDARD = "gnu++0x";
				CLANG_CXX_LIBRARY = "libc++";
				CLANG_ENABLE_MODULES = YES;
				CLANG_ENABLE_OBJC_ARC = YES;
				CLANG_WARN_BOOL_CONVERSION = YES;
				CLANG_WARN_CONSTANT_CONVERSION = YES;
				CLANG_WARN_DIRECT_OBJC_ISA_USAGE = YES_ERROR;
				CLANG_WARN_EMPTY_BODY = YES;
				CLANG_WARN_ENUM_CONVERSION = YES;
				CLANG_WARN_INT_CONVERSION = YES;
				CLANG_WARN_OBJC_ROOT_CLASS = YES_ERROR;
				CLANG_WARN_UNREACHABLE_CODE = YES;
				CLANG_WARN__DUPLICATE_METHOD_MATCH = YES;
				"CODE_SIGN_IDENTITY[sdk=iphoneos*]" = "iPhone Developer";
				COPY_PHASE_STRIP = NO;
				DEBUG_INFORMATION_FORMAT = dwarf;
				ENABLE_STRICT_OBJC_MSGSEND = YES;
				ENABLE_TESTABILITY = YES;
				GCC_C_LANGUAGE_STANDARD = gnu99;
				GCC_DYNAMIC_NO_PIC = NO;
				GCC_NO_COMMON_BLOCKS = YES;
				GCC_OPTIMIZATION_LEVEL = 0;
				GCC_PREPROCESSOR_DEFINITIONS = (
					"DEBUG=1",
					"$(inherited)",
				);
				GCC_WARN_64_TO_32_BIT_CONVERSION = YES;
				GCC_WARN_ABOUT_RETURN_TYPE = YES_ERROR;
				GCC_WARN_UNDECLARED_SELECTOR = YES;
				GCC_WARN_UNINITIALIZED_AUTOS = YES_AGGRESSIVE;
				GCC_WARN_UNUSED_FUNCTION = YES;
				GCC_WARN_UNUSED_VARIABLE = YES;
				IPHONEOS_DEPLOYMENT_TARGET = 9.3;
				MTL_ENABLE_DEBUG_INFO = YES;
				ONLY_ACTIVE_ARCH = YES;
				SDKROOT = iphoneos;
			};
			name = Debug;
		};
		311E896C1CBBB861004C1831 /* Release */ = {
			isa = XCBuildConfiguration;
			buildSettings = {
				ALWAYS_SEARCH_USER_PATHS = NO;
				CLANG_ANALYZER_NONNULL = YES;
				CLANG_CXX_LANGUAGE_STANDARD = "gnu++0x";
				CLANG_CXX_LIBRARY = "libc++";
				CLANG_ENABLE_MODULES = YES;
				CLANG_ENABLE_OBJC_ARC = YES;
				CLANG_WARN_BOOL_CONVERSION = YES;
				CLANG_WARN_CONSTANT_CONVERSION = YES;
				CLANG_WARN_DIRECT_OBJC_ISA_USAGE = YES_ERROR;
				CLANG_WARN_EMPTY_BODY = YES;
				CLANG_WARN_ENUM_CONVERSION = YES;
				CLANG_WARN_INT_CONVERSION = YES;
				CLANG_WARN_OBJC_ROOT_CLASS = YES_ERROR;
				CLANG_WARN_UNREACHABLE_CODE = YES;
				CLANG_WARN__DUPLICATE_METHOD_MATCH = YES;
				"CODE_SIGN_IDENTITY[sdk=iphoneos*]" = "iPhone Developer";
				COPY_PHASE_STRIP = NO;
				DEBUG_INFORMATION_FORMAT = "dwarf-with-dsym";
				ENABLE_NS_ASSERTIONS = NO;
				ENABLE_STRICT_OBJC_MSGSEND = YES;
				GCC_C_LANGUAGE_STANDARD = gnu99;
				GCC_NO_COMMON_BLOCKS = YES;
				GCC_WARN_64_TO_32_BIT_CONVERSION = YES;
				GCC_WARN_ABOUT_RETURN_TYPE = YES_ERROR;
				GCC_WARN_UNDECLARED_SELECTOR = YES;
				GCC_WARN_UNINITIALIZED_AUTOS = YES_AGGRESSIVE;
				GCC_WARN_UNUSED_FUNCTION = YES;
				GCC_WARN_UNUSED_VARIABLE = YES;
				IPHONEOS_DEPLOYMENT_TARGET = 9.3;
				MTL_ENABLE_DEBUG_INFO = NO;
				SDKROOT = iphoneos;
				VALIDATE_PRODUCT = YES;
			};
			name = Release;
		};
		311E896E1CBBB861004C1831 /* Debug */ = {
			isa = XCBuildConfiguration;
			buildSettings = {
				ASSETCATALOG_COMPILER_APPICON_NAME = AppIcon;
				INFOPLIST_FILE = Span/Info.plist;
				IPHONEOS_DEPLOYMENT_TARGET = 7.1;
				LD_RUNPATH_SEARCH_PATHS = "$(inherited) @executable_path/Frameworks";
				PRODUCT_BUNDLE_IDENTIFIER = com.tulushev.Span;
				PRODUCT_NAME = "$(TARGET_NAME)";
			};
			name = Debug;
		};
		311E896F1CBBB861004C1831 /* Release */ = {
			isa = XCBuildConfiguration;
			buildSettings = {
				ASSETCATALOG_COMPILER_APPICON_NAME = AppIcon;
				INFOPLIST_FILE = Span/Info.plist;
				IPHONEOS_DEPLOYMENT_TARGET = 7.1;
				LD_RUNPATH_SEARCH_PATHS = "$(inherited) @executable_path/Frameworks";
				PRODUCT_BUNDLE_IDENTIFIER = com.tulushev.Span;
				PRODUCT_NAME = "$(TARGET_NAME)";
			};
			name = Release;
		};
/* End XCBuildConfiguration section */

/* Begin XCConfigurationList section */
		311E89511CBBB861004C1831 /* Build configuration list for PBXProject "Span" */ = {
			isa = XCConfigurationList;
			buildConfigurations = (
				311E896B1CBBB861004C1831 /* Debug */,
				311E896C1CBBB861004C1831 /* Release */,
			);
			defaultConfigurationIsVisible = 0;
			defaultConfigurationName = Release;
		};
		311E896D1CBBB861004C1831 /* Build configuration list for PBXNativeTarget "Span" */ = {
			isa = XCConfigurationList;
			buildConfigurations = (
				311E896E1CBBB861004C1831 /* Debug */,
				311E896F1CBBB861004C1831 /* Release */,
			);
			defaultConfigurationIsVisible = 0;
			defaultConfigurationName = Release;
		};
/* End XCConfigurationList section */
	};
	rootObject = 311E894E1CBBB861004C1831 /* Project object */;
}
